
Microsoft Visual Studio Solution File, Format Version 12.00
# Visual Studio Version 17
VisualStudioVersion = 17.12.35707.178
MinimumVisualStudioVersion = 10.0.40219.1
Project("{FAE04EC0-301F-11D3-BF4B-00C04F79EFBC}") = "LearnMyCalculatorApp.Tests", "LearnMyCalculatorApp.Tests\LearnMyCalculatorApp.Tests.csproj", "{3650FA6D-E171-4E15-B2F6-8EBBC89BB5E7}"
EndProject
Project("{FAE04EC0-301F-11D3-BF4B-00C04F79EFBC}") = "LearnMyCalculatorApp1", "LearnMyCalculatorApp1\LearnMyCalculatorApp1.csproj", "{82917F8B-46C2-49CE-96CC-D82E638DB047}"
EndProject
Global
	GlobalSection(SolutionConfigurationPlatforms) = preSolution
		Debug|Any CPU = Debug|Any CPU
		Release|Any CPU = Release|Any CPU
	EndGlobalSection
	GlobalSection(ProjectConfigurationPlatforms) = postSolution
		{3650FA6D-E171-4E15-B2F6-8EBBC89BB5E7}.Debug|Any CPU.ActiveCfg = Debug|Any CPU
		{3650FA6D-E171-4E15-B2F6-8EBBC89BB5E7}.Debug|Any CPU.Build.0 = Debug|Any CPU
		{3650FA6D-E171-4E15-B2F6-8EBBC89BB5E7}.Release|Any CPU.ActiveCfg = Release|Any CPU
		{3650FA6D-E171-4E15-B2F6-8EBBC89BB5E7}.Release|Any CPU.Build.0 = Release|Any CPU
		{82917F8B-46C2-49CE-96CC-D82E638DB047}.Debug|Any CPU.ActiveCfg = Debug|Any CPU
		{82917F8B-46C2-49CE-96CC-D82E638DB047}.Debug|Any CPU.Build.0 = Debug|Any CPU
		{82917F8B-46C2-49CE-96CC-D82E638DB047}.Release|Any CPU.ActiveCfg = Release|Any CPU
		{82917F8B-46C2-49CE-96CC-D82E638DB047}.Release|Any CPU.Build.0 = Release|Any CPU
	EndGlobalSection
	GlobalSection(SolutionProperties) = preSolution
		HideSolutionNode = FALSE
	EndGlobalSection
EndGlobal
